
Microsoft Visual Studio Solution File, Format Version 12.00
# Visual Studio 2012
Project("{FAE04EC0-301F-11D3-BF4B-00C04F79EFBC}") = "Zookit", "Zookit\Zookit.csproj", "{60DF9613-A008-42E8-8409-9F61DEB04923}"
EndProject
Project("{FAE04EC0-301F-11D3-BF4B-00C04F79EFBC}") = "Zookit.Tests", "Zookit.Tests\Zookit.Tests.csproj", "{8D29536B-6E7E-4F80-A52D-AB196AA21E59}"
EndProject
Global
	GlobalSection(SolutionConfigurationPlatforms) = preSolution
		Debug|Any CPU = Debug|Any CPU
		Release|Any CPU = Release|Any CPU
	EndGlobalSection
	GlobalSection(ProjectConfigurationPlatforms) = postSolution
		{60DF9613-A008-42E8-8409-9F61DEB04923}.Debug|Any CPU.ActiveCfg = Debug|Any CPU
		{60DF9613-A008-42E8-8409-9F61DEB04923}.Debug|Any CPU.Build.0 = Debug|Any CPU
		{60DF9613-A008-42E8-8409-9F61DEB04923}.Release|Any CPU.ActiveCfg = Release|Any CPU
		{60DF9613-A008-42E8-8409-9F61DEB04923}.Release|Any CPU.Build.0 = Release|Any CPU
		{8D29536B-6E7E-4F80-A52D-AB196AA21E59}.Debug|Any CPU.ActiveCfg = Debug|Any CPU
		{8D29536B-6E7E-4F80-A52D-AB196AA21E59}.Debug|Any CPU.Build.0 = Debug|Any CPU
		{8D29536B-6E7E-4F80-A52D-AB196AA21E59}.Release|Any CPU.ActiveCfg = Release|Any CPU
		{8D29536B-6E7E-4F80-A52D-AB196AA21E59}.Release|Any CPU.Build.0 = Release|Any CPU
	EndGlobalSection
EndGlobal
